
Microsoft Visual Studio Solution File, Format Version 12.00
# Visual Studio Version 17
VisualStudioVersion = 17.9.34701.34
MinimumVisualStudioVersion = 10.0.40219.1
Project("{FAE04EC0-301F-11D3-BF4B-00C04F79EFBC}") = "Calculadora", "Calculadora\Calculadora.csproj", "{D05C83C7-D94D-43CF-94A9-F37A2871FD30}"
EndProject
Global
	GlobalSection(SolutionConfigurationPlatforms) = preSolution
		Debug|Any CPU = Debug|Any CPU
		Release|Any CPU = Release|Any CPU
	EndGlobalSection
	GlobalSection(ProjectConfigurationPlatforms) = postSolution
		{D05C83C7-D94D-43CF-94A9-F37A2871FD30}.Debug|Any CPU.ActiveCfg = Debug|Any CPU
		{D05C83C7-D94D-43CF-94A9-F37A2871FD30}.Debug|Any CPU.Build.0 = Debug|Any CPU
		{D05C83C7-D94D-43CF-94A9-F37A2871FD30}.Release|Any CPU.ActiveCfg = Release|Any CPU
		{D05C83C7-D94D-43CF-94A9-F37A2871FD30}.Release|Any CPU.Build.0 = Release|Any CPU
	EndGlobalSection
	GlobalSection(SolutionProperties) = preSolution
		HideSolutionNode = FALSE
	EndGlobalSection
	GlobalSection(ExtensibilityGlobals) = postSolution
		SolutionGuid = {B14C5B11-1904-429E-8836-4C99EF0B6780}
	EndGlobalSection
EndGlobal
